
Microsoft Visual Studio Solution File, Format Version 12.00
# Visual Studio 15
Project("{FAE04EC0-301F-11D3-BF4B-00C04F79EFBC}") = "MadbullAPI", "MadbullAPI\MadbullAPI.csproj", "{BBBD5751-0522-4CD1-BFFD-A47A32B1D701}"
EndProject
Project("{FAE04EC0-301F-11D3-BF4B-00C04F79EFBC}") = "MadbullAPI.Tests.Integration", "MadbullAPI.Tests.Integration\MadbullAPI.Tests.Integration.csproj", "{6E43438F-E440-4CD0-A40F-1D52F2CC76D8}"
EndProject
Global
	GlobalSection(SolutionConfigurationPlatforms) = preSolution
		Debug|Any CPU = Debug|Any CPU
		Release|Any CPU = Release|Any CPU
	EndGlobalSection
	GlobalSection(ProjectConfigurationPlatforms) = postSolution
		{BBBD5751-0522-4CD1-BFFD-A47A32B1D701}.Debug|Any CPU.ActiveCfg = Debug|Any CPU
		{BBBD5751-0522-4CD1-BFFD-A47A32B1D701}.Debug|Any CPU.Build.0 = Debug|Any CPU
		{BBBD5751-0522-4CD1-BFFD-A47A32B1D701}.Release|Any CPU.ActiveCfg = Release|Any CPU
		{BBBD5751-0522-4CD1-BFFD-A47A32B1D701}.Release|Any CPU.Build.0 = Release|Any CPU
		{6E43438F-E440-4CD0-A40F-1D52F2CC76D8}.Debug|Any CPU.ActiveCfg = Debug|Any CPU
		{6E43438F-E440-4CD0-A40F-1D52F2CC76D8}.Debug|Any CPU.Build.0 = Debug|Any CPU
		{6E43438F-E440-4CD0-A40F-1D52F2CC76D8}.Release|Any CPU.ActiveCfg = Release|Any CPU
		{6E43438F-E440-4CD0-A40F-1D52F2CC76D8}.Release|Any CPU.Build.0 = Release|Any CPU
	EndGlobalSection
EndGlobal
